{
  "projects": [
    {
      "projectId": "caTPwKxj5ZrD9LQ7DMdK4Z",
      "version": "3.11.0",
      "dependencies": {},
      "lang": "ts",
      "fileLocks": [
        {
          "assetId": "caTPwKxj5ZrD9LQ7DMdK4Z",
          "type": "projectCss",
          "checksum": "3f861d9934733b06ddcc0158487615ce"
        }
      ],
      "codegenVersion": "0.0.1"
    },
    {
      "projectId": "7nJ7UcFmq9UzB6eXfC5z4a",
      "version": "0.8.0",
      "dependencies": {},
      "lang": "ts",
      "fileLocks": [
        {
          "assetId": "7nJ7UcFmq9UzB6eXfC5z4a",
          "type": "projectCss",
          "checksum": "8cf9dfd353bbaf2b2583e7046e8136fb"
        }
      ],
      "codegenVersion": "0.0.1"
    },
    {
      "projectId": "kmmGrmCVRJPgZ5NNJMDQ4v",
      "version": "0.9.0",
      "dependencies": {},
      "lang": "ts",
      "fileLocks": [
        {
          "assetId": "kmmGrmCVRJPgZ5NNJMDQ4v",
          "type": "projectCss",
          "checksum": "dd7de7af23dae5f9bf9adf08c16dae86"
        },
        {
          "assetId": "kmmGrmCVRJPgZ5NNJMDQ4v",
          "checksum": "4c11ffda05abbd2236bba01b7f70e6be",
          "type": "globalContexts"
        }
      ],
      "codegenVersion": "0.0.1"
    },
    {
      "projectId": "hjKYmYi6HMwK6TRyk7ew5R",
      "version": "6.11.0",
      "dependencies": {},
      "lang": "ts",
      "fileLocks": [
        {
          "assetId": "hjKYmYi6HMwK6TRyk7ew5R",
          "type": "projectCss",
          "checksum": "e2a20cff976d3b9fabfeecba32540b91"
        },
        {
          "assetId": "hjKYmYi6HMwK6TRyk7ew5R",
          "checksum": "a852c9e350a845f23f056078ffda3e4b",
          "type": "globalContexts"
        }
      ],
      "codegenVersion": "0.0.1"
    },
    {
      "projectId": "YUiM7yqBWAqsh8KSnrdj7",
      "version": "0.9.0",
      "dependencies": {},
      "lang": "ts",
      "fileLocks": [
        {
          "assetId": "YUiM7yqBWAqsh8KSnrdj7",
          "type": "projectCss",
          "checksum": "6be9dbec891937cda3b59d2fd3c44796"
        }
      ],
      "codegenVersion": "0.0.1"
    },
    {
      "projectId": "3b5pqcfgMUu3hUoKMLKpVb",
      "version": "latest",
      "dependencies": {
        "YUiM7yqBWAqsh8KSnrdj7": "0.9.0",
        "hjKYmYi6HMwK6TRyk7ew5R": "6.11.0",
        "kmmGrmCVRJPgZ5NNJMDQ4v": "0.9.0",
        "7nJ7UcFmq9UzB6eXfC5z4a": "0.8.0",
        "caTPwKxj5ZrD9LQ7DMdK4Z": "3.11.0"
      },
      "lang": "ts",
      "fileLocks": [
        {
          "type": "globalVariant",
          "assetId": "rcYG8mIPjWknDo",
          "checksum": "079c5867589c3361725bfa1c74baf307"
        },
        {
          "assetId": "3b5pqcfgMUu3hUoKMLKpVb",
          "type": "projectCss",
          "checksum": "32f2be294da2dd23b41865fb37fab529"
        },
        {
          "assetId": "3b5pqcfgMUu3hUoKMLKpVb",
          "checksum": "e811617175dfd8ffb905524fc7ddc0a0",
          "type": "globalContexts"
        },
        {
          "type": "renderModule",
          "assetId": "9V45BPYQNys2v",
          "checksum": "35245e56ca8b00fb56ff3c06eafdc7fa"
        },
        {
          "type": "cssRules",
          "assetId": "9V45BPYQNys2v",
          "checksum": "35245e56ca8b00fb56ff3c06eafdc7fa"
        },
        {
          "type": "renderModule",
          "assetId": "hPfwKOhVavMYd",
          "checksum": "58649eeab23c54e2dba6f003506d50ec"
        },
        {
          "type": "cssRules",
          "assetId": "hPfwKOhVavMYd",
          "checksum": "58649eeab23c54e2dba6f003506d50ec"
        },
        {
          "type": "renderModule",
          "assetId": "neqq7VcKj83JDW",
          "checksum": "64c2e0323fc428b1263112d5c94f1b5d"
        },
        {
          "type": "cssRules",
          "assetId": "neqq7VcKj83JDW",
          "checksum": "64c2e0323fc428b1263112d5c94f1b5d"
        },
        {
          "type": "renderModule",
          "assetId": "siAP6uezbaX9op",
          "checksum": "2c3b7c04b0c4b6066c0b0a7d4ac0a8b2"
        },
        {
          "type": "cssRules",
          "assetId": "siAP6uezbaX9op",
          "checksum": "2c3b7c04b0c4b6066c0b0a7d4ac0a8b2"
        },
        {
          "type": "renderModule",
          "assetId": "Sd8gQ4Ky5HhZl5",
          "checksum": "2ca07d02a6c95db390e712bb3a7cac69"
        },
        {
          "type": "cssRules",
          "assetId": "Sd8gQ4Ky5HhZl5",
          "checksum": "2ca07d02a6c95db390e712bb3a7cac69"
        },
        {
          "type": "icon",
          "assetId": "wu8m2k0TA3mqbk",
          "checksum": "3e8e4cd8727127a76d7f86abe46e44ed"
        },
        {
          "type": "icon",
          "assetId": "R5LulsWgxmK908",
          "checksum": "beb8c422b374c3380ddc6dd1f61a98ee"
        },
        {
          "type": "icon",
          "assetId": "g9M3i3iD9tb0PT",
          "checksum": "0babdc779468e769472452cae7f52997"
        },
        {
          "type": "icon",
          "assetId": "_V0NIuu_uG-8xd",
          "checksum": "2e185b70be3eb4c23fc2f538e50a3126"
        },
        {
          "type": "icon",
          "assetId": "rgJ1Zd66sbG2bP",
          "checksum": "5f34b8ce044a9a4a987af4bf6faac9da"
        },
        {
          "type": "icon",
          "assetId": "1yCWrQRf3PluIS",
          "checksum": "606ccb24683f0a5c75f2be8d396f3be3"
        },
        {
          "type": "icon",
          "assetId": "Hf8vMJGuaigUyt",
          "checksum": "bf5f15267caf1f33c30e8cb5199539ae"
        },
        {
          "type": "image",
          "assetId": "oGV4_9AOSusBNd",
          "checksum": "3327941c2232b5909136ba808a8e534b"
        },
        {
          "type": "image",
          "assetId": "9SBCXmlGMXHQmR",
          "checksum": "4d7b156dca787c6d2697cfad95ed37a2"
        },
        {
          "type": "image",
          "assetId": "Rd65uAgt0zXus_",
          "checksum": "c19d880007d339839c4251f9c7b4e9a2"
        },
        {
          "type": "image",
          "assetId": "unZv4Z1uokH_ow",
          "checksum": "9efc44f84429ae7934912a776bafb653"
        },
        {
          "type": "image",
          "assetId": "wOQDqGS06JhVXr",
          "checksum": "8f093c38f0586be0ae374cbb44f9eae5"
        },
        {
          "type": "image",
          "assetId": "b62tdYk8p6v60v",
          "checksum": "8e021acbe5aae43bb1ca527b50555008"
        },
        {
          "type": "image",
          "assetId": "R9E19BfivGtg3K",
          "checksum": "9a771a24794187455cdd6a637107b60f"
        },
        {
          "type": "image",
          "assetId": "D0mAZNKhwjya67",
          "checksum": "6c8e83870826c1f8e049cd8b42dc21b8"
        },
        {
          "type": "image",
          "assetId": "_iNjb5rJ-WUUvE",
          "checksum": "924f65163c363b225faadd9f958d91e8"
        },
        {
          "type": "image",
          "assetId": "-kFyjmNW1bPKYm",
          "checksum": "f0ed9bb4b0350a64c2f3bbb1786f6a12"
        },
        {
          "type": "image",
          "assetId": "v9WQzT1sE2nPW6",
          "checksum": "7ebd4e229c46b06e9c22d9a936e6432f"
        },
        {
          "type": "image",
          "assetId": "2Ld9XMcD3qnLYB",
          "checksum": "738ca48df6e4dd8aa8504fa55848d288"
        },
        {
          "type": "image",
          "assetId": "0XAqBKSokMm8xD",
          "checksum": "2a12da7602cdd14a4bc96379a42fb586"
        },
        {
          "type": "image",
          "assetId": "Qb5y0CQCTvetIY",
          "checksum": "fcc139e6a80edca39ab56a419a116468"
        },
        {
          "type": "image",
          "assetId": "QNs93apveDkWqA",
          "checksum": "23898b19fb2811c3a9d0843ae72b08af"
        },
        {
          "type": "image",
          "assetId": "Uo6piaP6xcvXwO",
          "checksum": "70a43a1c08e68120ca4f8e9f8164f25d"
        },
        {
          "type": "image",
          "assetId": "6pwGW_u1KkoJ8F",
          "checksum": "0b4cf7ef78a2b044df89c13e63dbc241"
        },
        {
          "type": "image",
          "assetId": "VKZO_XUdKw3l46",
          "checksum": "5d8a8cbce2ccbd63f64dd96258dbc767"
        },
        {
          "type": "image",
          "assetId": "ElQDu2KZ-MoVJV",
          "checksum": "b0bd0e13e6f1eda78106310de515755e"
        },
        {
          "type": "image",
          "assetId": "pv3vcaehExzV-8",
          "checksum": "769c4c75627b7d186fb756f9cd509bd9"
        },
        {
          "type": "image",
          "assetId": "z-4-ZW6wICNAAV",
          "checksum": "5f4811734ca26f0fb744aea7fbaa92ca"
        },
        {
          "type": "image",
          "assetId": "Qi2X3Q0ZTFcrpa",
          "checksum": "6946a6af39ac43e41f5793a925f5c582"
        },
        {
          "type": "image",
          "assetId": "xxJezIgItEgP59",
          "checksum": "bd5fa3175e1b146515ac26d9591dc3dd"
        },
        {
          "type": "image",
          "assetId": "noP371bzWTbmhr",
          "checksum": "374996b82647d0cacb72806f24afa7bc"
        },
        {
          "type": "image",
          "assetId": "wc8xyEykZsAXdD",
          "checksum": "f0ab3298312fd433c749067427ff644d"
        },
        {
          "type": "image",
          "assetId": "gnJQ3WJ7eFxT4-",
          "checksum": "f63e1a5c634fe344ff202443a51bb472"
        },
        {
          "type": "image",
          "assetId": "w30Acx_X7dYgar",
          "checksum": "29d0aedd5894c456b88fc85d8bc0076f"
        },
        {
          "type": "image",
          "assetId": "z7YoK89O_YHop3",
          "checksum": "74af6951e3fb5d3a1c182ec927311cbe"
        },
        {
          "type": "image",
          "assetId": "wcWRDhE-NQS3jA",
          "checksum": "17fa62baecbf7c6feaa23cea799b07b7"
        },
        {
          "type": "image",
          "assetId": "70aCyWj6lq2rOL",
          "checksum": "33248870fdfab7b0dc9cad743c7e2216"
        },
        {
          "type": "image",
          "assetId": "MJQz7nLZ7liQUM",
          "checksum": "aa514e21e0eeac93cfaf8ecc5d529f10"
        },
        {
          "type": "image",
          "assetId": "4SyNjpRIbGnzCU",
          "checksum": "e25a74a04a34ab193577beff573f45a9"
        },
        {
          "type": "image",
          "assetId": "u_01b8bE-i9ZP8",
          "checksum": "1fd496f153af811c72863979ae01ff8c"
        },
        {
          "type": "image",
          "assetId": "18TtjTU091FW65",
          "checksum": "77939fafa221bb948ff486370a50821b"
        },
        {
          "type": "image",
          "assetId": "tI4Sqxoze-UvPj",
          "checksum": "16271a4580800f0ff6d7828db751918b"
        },
        {
          "type": "image",
          "assetId": "Zh4eqx3qPOd14C",
          "checksum": "fe79689ec45a0bf9a6d6d99ad4cecfdb"
        },
        {
          "type": "image",
          "assetId": "LjjKaeyE-MZ-w5",
          "checksum": "89955488e88f67b91cd4a4f8a2b43cf6"
        },
        {
          "type": "image",
          "assetId": "EyHhlTAKyPzt8q",
          "checksum": "2a6de9457b7cd7177dbf6436f8622820"
        }
      ],
      "codegenVersion": "0.0.1"
    }
  ],
  "cliVersion": "0.1.194"
}
